
Microsoft Visual Studio Solution File, Format Version 12.00
# Visual Studio Version 16
VisualStudioVersion = 16.0.29215.179
MinimumVisualStudioVersion = 10.0.40219.1
Project("{FAE04EC0-301F-11D3-BF4B-00C04F79EFBC}") = "Roulette2", "Roulette2\Roulette2.csproj", "{AD883498-8B4A-48CE-B70D-4C590FBCB479}"
EndProject
Project("{FAE04EC0-301F-11D3-BF4B-00C04F79EFBC}") = "ClassLibraryBets", "ClassLibraryBets\ClassLibraryBets.csproj", "{B3D99C5E-CFDA-4611-BA6B-A66C044EF196}"
EndProject
Global
	GlobalSection(SolutionConfigurationPlatforms) = preSolution
		Debug|Any CPU = Debug|Any CPU
		Release|Any CPU = Release|Any CPU
	EndGlobalSection
	GlobalSection(ProjectConfigurationPlatforms) = postSolution
		{AD883498-8B4A-48CE-B70D-4C590FBCB479}.Debug|Any CPU.ActiveCfg = Debug|Any CPU
		{AD883498-8B4A-48CE-B70D-4C590FBCB479}.Debug|Any CPU.Build.0 = Debug|Any CPU
		{AD883498-8B4A-48CE-B70D-4C590FBCB479}.Release|Any CPU.ActiveCfg = Release|Any CPU
		{AD883498-8B4A-48CE-B70D-4C590FBCB479}.Release|Any CPU.Build.0 = Release|Any CPU
		{B3D99C5E-CFDA-4611-BA6B-A66C044EF196}.Debug|Any CPU.ActiveCfg = Debug|Any CPU
		{B3D99C5E-CFDA-4611-BA6B-A66C044EF196}.Debug|Any CPU.Build.0 = Debug|Any CPU
		{B3D99C5E-CFDA-4611-BA6B-A66C044EF196}.Release|Any CPU.ActiveCfg = Release|Any CPU
		{B3D99C5E-CFDA-4611-BA6B-A66C044EF196}.Release|Any CPU.Build.0 = Release|Any CPU
	EndGlobalSection
	GlobalSection(SolutionProperties) = preSolution
		HideSolutionNode = FALSE
	EndGlobalSection
	GlobalSection(ExtensibilityGlobals) = postSolution
		SolutionGuid = {5A1670B8-81A1-49FA-985B-4B9F6949C5D8}
	EndGlobalSection
EndGlobal
